
Microsoft Visual Studio Solution File, Format Version 12.00
# Visual Studio Version 17
VisualStudioVersion = 17.7.34202.233
MinimumVisualStudioVersion = 10.0.40219.1
Project("{FAE04EC0-301F-11D3-BF4B-00C04F79EFBC}") = "ControleAlmoxarifadoAPI", "ControleAlmoxarifadoAPI\ControleAlmoxarifadoAPI.csproj", "{62239EED-EF70-4776-8197-258542D2FF47}"
EndProject
Global
	GlobalSection(SolutionConfigurationPlatforms) = preSolution
		Debug|Any CPU = Debug|Any CPU
		Release|Any CPU = Release|Any CPU
	EndGlobalSection
	GlobalSection(ProjectConfigurationPlatforms) = postSolution
		{62239EED-EF70-4776-8197-258542D2FF47}.Debug|Any CPU.ActiveCfg = Debug|Any CPU
		{62239EED-EF70-4776-8197-258542D2FF47}.Debug|Any CPU.Build.0 = Debug|Any CPU
		{62239EED-EF70-4776-8197-258542D2FF47}.Release|Any CPU.ActiveCfg = Release|Any CPU
		{62239EED-EF70-4776-8197-258542D2FF47}.Release|Any CPU.Build.0 = Release|Any CPU
	EndGlobalSection
	GlobalSection(SolutionProperties) = preSolution
		HideSolutionNode = FALSE
	EndGlobalSection
	GlobalSection(ExtensibilityGlobals) = postSolution
		SolutionGuid = {4A9C689B-357E-4724-91DF-6523DCC9E08E}
	EndGlobalSection
EndGlobal
